// !$*UTF8*$!
{
	archiveVersion = 1;
	classes = {
	};
	objectVersion = 55;
	objects = {

/* Begin PBXBuildFile section */
		CF29E3F32996225C00676FAB /* CoreDataManager.swift in Sources */ = {isa = PBXBuildFile; fileRef = CF29E3F22996225C00676FAB /* CoreDataManager.swift */; };
		CF29E3F52996484A00676FAB /* MyPokemonRouter.swift in Sources */ = {isa = PBXBuildFile; fileRef = CF29E3F42996484A00676FAB /* MyPokemonRouter.swift */; };
		CF5B159B29955AC300C89276 /* CatchPokemonVC.swift in Sources */ = {isa = PBXBuildFile; fileRef = CF5B159929955AC300C89276 /* CatchPokemonVC.swift */; };
		CF5B159C29955AC300C89276 /* CatchPokemonVC.xib in Resources */ = {isa = PBXBuildFile; fileRef = CF5B159A29955AC300C89276 /* CatchPokemonVC.xib */; };
		CF5B15A92995E38A00C89276 /* MyPokemonRouterProtocol.swift in Sources */ = {isa = PBXBuildFile; fileRef = CF5B15A82995E38A00C89276 /* MyPokemonRouterProtocol.swift */; };
		CF5B15AC2995E3B500C89276 /* MyPokemonViewController.swift in Sources */ = {isa = PBXBuildFile; fileRef = CF5B15AA2995E3B500C89276 /* MyPokemonViewController.swift */; };
		CF5B15AD2995E3B500C89276 /* MyPokemonViewController.xib in Resources */ = {isa = PBXBuildFile; fileRef = CF5B15AB2995E3B500C89276 /* MyPokemonViewController.xib */; };
		CF5B15AF2995E3DE00C89276 /* MyPokemonInteractorProtocol.swift in Sources */ = {isa = PBXBuildFile; fileRef = CF5B15AE2995E3DE00C89276 /* MyPokemonInteractorProtocol.swift */; };
		CF5B15B12995E40300C89276 /* MyPokemonPresenterProtocol.swift in Sources */ = {isa = PBXBuildFile; fileRef = CF5B15B02995E40300C89276 /* MyPokemonPresenterProtocol.swift */; };
		CF5B15B32995E43200C89276 /* MyPokemonInteractor.swift in Sources */ = {isa = PBXBuildFile; fileRef = CF5B15B22995E43200C89276 /* MyPokemonInteractor.swift */; };
		CF5B15B52995E46300C89276 /* MyPokemonPresenter.swift in Sources */ = {isa = PBXBuildFile; fileRef = CF5B15B42995E46300C89276 /* MyPokemonPresenter.swift */; };
		CF5B15B72995E4C100C89276 /* MyPokemonViewProtocol.swift in Sources */ = {isa = PBXBuildFile; fileRef = CF5B15B62995E4C100C89276 /* MyPokemonViewProtocol.swift */; };
		CF6BD131299504A7005A06B5 /* DetailPokemonInteractorProtocol.swift in Sources */ = {isa = PBXBuildFile; fileRef = CF6BD130299504A7005A06B5 /* DetailPokemonInteractorProtocol.swift */; };
		CF6BD133299504E3005A06B5 /* DetailPokemonPresenterProtocol.swift in Sources */ = {isa = PBXBuildFile; fileRef = CF6BD132299504E3005A06B5 /* DetailPokemonPresenterProtocol.swift */; };
		CF6BD13529950512005A06B5 /* DetailPokemonViewProtocol.swift in Sources */ = {isa = PBXBuildFile; fileRef = CF6BD13429950512005A06B5 /* DetailPokemonViewProtocol.swift */; };
		CF6BD13729950532005A06B5 /* DetailPokemonRouterProtocol.swift in Sources */ = {isa = PBXBuildFile; fileRef = CF6BD13629950532005A06B5 /* DetailPokemonRouterProtocol.swift */; };
		CF6BD1392995055A005A06B5 /* DetailPokemonPresenter.swift in Sources */ = {isa = PBXBuildFile; fileRef = CF6BD1382995055A005A06B5 /* DetailPokemonPresenter.swift */; };
		CF6BD13B299505B3005A06B5 /* DetailPokemonInteractor.swift in Sources */ = {isa = PBXBuildFile; fileRef = CF6BD13A299505B3005A06B5 /* DetailPokemonInteractor.swift */; };
		CF6BD13D2995066B005A06B5 /* DetailPokemonRouter.swift in Sources */ = {isa = PBXBuildFile; fileRef = CF6BD13C2995066B005A06B5 /* DetailPokemonRouter.swift */; };
		CF7C4EF9299353B300E24023 /* AppDelegate.swift in Sources */ = {isa = PBXBuildFile; fileRef = CF7C4EF8299353B300E24023 /* AppDelegate.swift */; };
		CF7C4EFB299353B300E24023 /* SceneDelegate.swift in Sources */ = {isa = PBXBuildFile; fileRef = CF7C4EFA299353B300E24023 /* SceneDelegate.swift */; };
		CF7C4F00299353B300E24023 /* Main.storyboard in Resources */ = {isa = PBXBuildFile; fileRef = CF7C4EFE299353B300E24023 /* Main.storyboard */; };
		CF7C4F03299353B300E24023 /* Pokemon.xcdatamodeld in Sources */ = {isa = PBXBuildFile; fileRef = CF7C4F01299353B300E24023 /* Pokemon.xcdatamodeld */; };
		CF7C4F05299353B600E24023 /* Assets.xcassets in Resources */ = {isa = PBXBuildFile; fileRef = CF7C4F04299353B600E24023 /* Assets.xcassets */; };
		CF7C4F08299353B600E24023 /* LaunchScreen.storyboard in Resources */ = {isa = PBXBuildFile; fileRef = CF7C4F06299353B600E24023 /* LaunchScreen.storyboard */; };
		CF7C4F1D29935B1700E24023 /* ListPokemonViewController.swift in Sources */ = {isa = PBXBuildFile; fileRef = CF7C4F1B29935B1700E24023 /* ListPokemonViewController.swift */; };
		CF7C4F1E29935B1700E24023 /* ListPokemonViewController.xib in Resources */ = {isa = PBXBuildFile; fileRef = CF7C4F1C29935B1700E24023 /* ListPokemonViewController.xib */; };
		CF7C4F2029935B7100E24023 /* ViewController.swift in Sources */ = {isa = PBXBuildFile; fileRef = CF7C4F1F29935B7100E24023 /* ViewController.swift */; };
		CF7C4F2429935D2D00E24023 /* ListPokemonCell.swift in Sources */ = {isa = PBXBuildFile; fileRef = CF7C4F2229935D2D00E24023 /* ListPokemonCell.swift */; };
		CF7C4F2529935D2D00E24023 /* ListPokemonCell.xib in Resources */ = {isa = PBXBuildFile; fileRef = CF7C4F2329935D2D00E24023 /* ListPokemonCell.xib */; };
		CF7C4F282993613D00E24023 /* UIImageView+Ext.swift in Sources */ = {isa = PBXBuildFile; fileRef = CF7C4F272993613D00E24023 /* UIImageView+Ext.swift */; };
		CF7C4F2A29936C1A00E24023 /* URLSessionClient.swift in Sources */ = {isa = PBXBuildFile; fileRef = CF7C4F2929936C1A00E24023 /* URLSessionClient.swift */; };
		CF7C4F2E29936F0B00E24023 /* RemotePokemonData.swift in Sources */ = {isa = PBXBuildFile; fileRef = CF7C4F2D29936F0B00E24023 /* RemotePokemonData.swift */; };
		CF7C4F302993700F00E24023 /* GeneralError.swift in Sources */ = {isa = PBXBuildFile; fileRef = CF7C4F2F2993700F00E24023 /* GeneralError.swift */; };
		CF7C4F332993749500E24023 /* ListPokemonViewProtocol.swift in Sources */ = {isa = PBXBuildFile; fileRef = CF7C4F322993749500E24023 /* ListPokemonViewProtocol.swift */; };
		CF7C4F35299374A600E24023 /* ListPokemonPresenterProtocol.swift in Sources */ = {isa = PBXBuildFile; fileRef = CF7C4F34299374A600E24023 /* ListPokemonPresenterProtocol.swift */; };
		CF7C4F37299374B200E24023 /* ListPokemonInteractorProtocol.swift in Sources */ = {isa = PBXBuildFile; fileRef = CF7C4F36299374B200E24023 /* ListPokemonInteractorProtocol.swift */; };
		CF7C4F39299374C000E24023 /* ListPokemonRouterProtocol.swift in Sources */ = {isa = PBXBuildFile; fileRef = CF7C4F38299374C000E24023 /* ListPokemonRouterProtocol.swift */; };
		CF7C4F3B2993751E00E24023 /* ListPokemonPresenter.swift in Sources */ = {isa = PBXBuildFile; fileRef = CF7C4F3A2993751E00E24023 /* ListPokemonPresenter.swift */; };
		CF7C4F3D2993753F00E24023 /* ListPokemonRouter.swift in Sources */ = {isa = PBXBuildFile; fileRef = CF7C4F3C2993753F00E24023 /* ListPokemonRouter.swift */; };
		CF7C4F3F2993755A00E24023 /* ListPokemonInteractor.swift in Sources */ = {isa = PBXBuildFile; fileRef = CF7C4F3E2993755A00E24023 /* ListPokemonInteractor.swift */; };
		CF7C4F4129938A0000E24023 /* AlertHelper.swift in Sources */ = {isa = PBXBuildFile; fileRef = CF7C4F4029938A0000E24023 /* AlertHelper.swift */; };
		CF9DDFCB29941A0800DCB7C3 /* GeneralLoading.swift in Sources */ = {isa = PBXBuildFile; fileRef = CF9DDFCA29941A0800DCB7C3 /* GeneralLoading.swift */; };
		CF9DDFD429948D6100DCB7C3 /* DetailPokemonViewController.swift in Sources */ = {isa = PBXBuildFile; fileRef = CF9DDFD229948D6100DCB7C3 /* DetailPokemonViewController.swift */; };
		CF9DDFD529948D6100DCB7C3 /* DetailPokemonViewController.xib in Resources */ = {isa = PBXBuildFile; fileRef = CF9DDFD329948D6100DCB7C3 /* DetailPokemonViewController.xib */; };
		CF9DDFD92994AF0600DCB7C3 /* BaseStatsCell.swift in Sources */ = {isa = PBXBuildFile; fileRef = CF9DDFD72994AF0600DCB7C3 /* BaseStatsCell.swift */; };
		CF9DDFDA2994AF0600DCB7C3 /* BaseStatsCell.xib in Resources */ = {isa = PBXBuildFile; fileRef = CF9DDFD82994AF0600DCB7C3 /* BaseStatsCell.xib */; };
/* End PBXBuildFile section */

/* Begin PBXFileReference section */
		CF29E3F22996225C00676FAB /* CoreDataManager.swift */ = {isa = PBXFileReference; lastKnownFileType = sourcecode.swift; path = CoreDataManager.swift; sourceTree = "<group>"; };
		CF29E3F42996484A00676FAB /* MyPokemonRouter.swift */ = {isa = PBXFileReference; lastKnownFileType = sourcecode.swift; path = MyPokemonRouter.swift; sourceTree = "<group>"; };
		CF5B159929955AC300C89276 /* CatchPokemonVC.swift */ = {isa = PBXFileReference; lastKnownFileType = sourcecode.swift; path = CatchPokemonVC.swift; sourceTree = "<group>"; };
		CF5B159A29955AC300C89276 /* CatchPokemonVC.xib */ = {isa = PBXFileReference; lastKnownFileType = file.xib; path = CatchPokemonVC.xib; sourceTree = "<group>"; };
		CF5B15A82995E38A00C89276 /* MyPokemonRouterProtocol.swift */ = {isa = PBXFileReference; lastKnownFileType = sourcecode.swift; path = MyPokemonRouterProtocol.swift; sourceTree = "<group>"; };
		CF5B15AA2995E3B500C89276 /* MyPokemonViewController.swift */ = {isa = PBXFileReference; lastKnownFileType = sourcecode.swift; path = MyPokemonViewController.swift; sourceTree = "<group>"; };
		CF5B15AB2995E3B500C89276 /* MyPokemonViewController.xib */ = {isa = PBXFileReference; lastKnownFileType = file.xib; path = MyPokemonViewController.xib; sourceTree = "<group>"; };
		CF5B15AE2995E3DE00C89276 /* MyPokemonInteractorProtocol.swift */ = {isa = PBXFileReference; lastKnownFileType = sourcecode.swift; path = MyPokemonInteractorProtocol.swift; sourceTree = "<group>"; };
		CF5B15B02995E40300C89276 /* MyPokemonPresenterProtocol.swift */ = {isa = PBXFileReference; lastKnownFileType = sourcecode.swift; path = MyPokemonPresenterProtocol.swift; sourceTree = "<group>"; };
		CF5B15B22995E43200C89276 /* MyPokemonInteractor.swift */ = {isa = PBXFileReference; lastKnownFileType = sourcecode.swift; path = MyPokemonInteractor.swift; sourceTree = "<group>"; };
		CF5B15B42995E46300C89276 /* MyPokemonPresenter.swift */ = {isa = PBXFileReference; lastKnownFileType = sourcecode.swift; path = MyPokemonPresenter.swift; sourceTree = "<group>"; };
		CF5B15B62995E4C100C89276 /* MyPokemonViewProtocol.swift */ = {isa = PBXFileReference; lastKnownFileType = sourcecode.swift; path = MyPokemonViewProtocol.swift; sourceTree = "<group>"; };
		CF6BD130299504A7005A06B5 /* DetailPokemonInteractorProtocol.swift */ = {isa = PBXFileReference; lastKnownFileType = sourcecode.swift; path = DetailPokemonInteractorProtocol.swift; sourceTree = "<group>"; };
		CF6BD132299504E3005A06B5 /* DetailPokemonPresenterProtocol.swift */ = {isa = PBXFileReference; lastKnownFileType = sourcecode.swift; path = DetailPokemonPresenterProtocol.swift; sourceTree = "<group>"; };
		CF6BD13429950512005A06B5 /* DetailPokemonViewProtocol.swift */ = {isa = PBXFileReference; lastKnownFileType = sourcecode.swift; path = DetailPokemonViewProtocol.swift; sourceTree = "<group>"; };
		CF6BD13629950532005A06B5 /* DetailPokemonRouterProtocol.swift */ = {isa = PBXFileReference; lastKnownFileType = sourcecode.swift; path = DetailPokemonRouterProtocol.swift; sourceTree = "<group>"; };
		CF6BD1382995055A005A06B5 /* DetailPokemonPresenter.swift */ = {isa = PBXFileReference; lastKnownFileType = sourcecode.swift; path = DetailPokemonPresenter.swift; sourceTree = "<group>"; };
		CF6BD13A299505B3005A06B5 /* DetailPokemonInteractor.swift */ = {isa = PBXFileReference; lastKnownFileType = sourcecode.swift; path = DetailPokemonInteractor.swift; sourceTree = "<group>"; };
		CF6BD13C2995066B005A06B5 /* DetailPokemonRouter.swift */ = {isa = PBXFileReference; lastKnownFileType = sourcecode.swift; path = DetailPokemonRouter.swift; sourceTree = "<group>"; };
		CF7C4EF5299353B300E24023 /* Pokemon.app */ = {isa = PBXFileReference; explicitFileType = wrapper.application; includeInIndex = 0; path = Pokemon.app; sourceTree = BUILT_PRODUCTS_DIR; };
		CF7C4EF8299353B300E24023 /* AppDelegate.swift */ = {isa = PBXFileReference; lastKnownFileType = sourcecode.swift; path = AppDelegate.swift; sourceTree = "<group>"; };
		CF7C4EFA299353B300E24023 /* SceneDelegate.swift */ = {isa = PBXFileReference; lastKnownFileType = sourcecode.swift; path = SceneDelegate.swift; sourceTree = "<group>"; };
		CF7C4EFF299353B300E24023 /* Base */ = {isa = PBXFileReference; lastKnownFileType = file.storyboard; name = Base; path = Base.lproj/Main.storyboard; sourceTree = "<group>"; };
		CF7C4F02299353B300E24023 /* Pokemon.xcdatamodel */ = {isa = PBXFileReference; lastKnownFileType = wrapper.xcdatamodel; path = Pokemon.xcdatamodel; sourceTree = "<group>"; };
		CF7C4F04299353B600E24023 /* Assets.xcassets */ = {isa = PBXFileReference; lastKnownFileType = folder.assetcatalog; path = Assets.xcassets; sourceTree = "<group>"; };
		CF7C4F07299353B600E24023 /* Base */ = {isa = PBXFileReference; lastKnownFileType = file.storyboard; name = Base; path = Base.lproj/LaunchScreen.storyboard; sourceTree = "<group>"; };
		CF7C4F09299353B600E24023 /* Info.plist */ = {isa = PBXFileReference; lastKnownFileType = text.plist.xml; path = Info.plist; sourceTree = "<group>"; };
		CF7C4F1B29935B1700E24023 /* ListPokemonViewController.swift */ = {isa = PBXFileReference; lastKnownFileType = sourcecode.swift; name = ListPokemonViewController.swift; path = Pokemon/Modules/ListPokemon/View/ListPokemonViewController.swift; sourceTree = SOURCE_ROOT; };
		CF7C4F1C29935B1700E24023 /* ListPokemonViewController.xib */ = {isa = PBXFileReference; lastKnownFileType = file.xib; name = ListPokemonViewController.xib; path = Pokemon/Modules/ListPokemon/View/ListPokemonViewController.xib; sourceTree = SOURCE_ROOT; };
		CF7C4F1F29935B7100E24023 /* ViewController.swift */ = {isa = PBXFileReference; fileEncoding = 4; lastKnownFileType = sourcecode.swift; path = ViewController.swift; sourceTree = "<group>"; };
		CF7C4F2229935D2D00E24023 /* ListPokemonCell.swift */ = {isa = PBXFileReference; lastKnownFileType = sourcecode.swift; path = ListPokemonCell.swift; sourceTree = "<group>"; };
		CF7C4F2329935D2D00E24023 /* ListPokemonCell.xib */ = {isa = PBXFileReference; lastKnownFileType = file.xib; path = ListPokemonCell.xib; sourceTree = "<group>"; };
		CF7C4F272993613D00E24023 /* UIImageView+Ext.swift */ = {isa = PBXFileReference; lastKnownFileType = sourcecode.swift; path = "UIImageView+Ext.swift"; sourceTree = "<group>"; };
		CF7C4F2929936C1A00E24023 /* URLSessionClient.swift */ = {isa = PBXFileReference; lastKnownFileType = sourcecode.swift; path = URLSessionClient.swift; sourceTree = "<group>"; };
		CF7C4F2D29936F0B00E24023 /* RemotePokemonData.swift */ = {isa = PBXFileReference; lastKnownFileType = sourcecode.swift; path = RemotePokemonData.swift; sourceTree = "<group>"; };
		CF7C4F2F2993700F00E24023 /* GeneralError.swift */ = {isa = PBXFileReference; lastKnownFileType = sourcecode.swift; path = GeneralError.swift; sourceTree = "<group>"; };
		CF7C4F322993749500E24023 /* ListPokemonViewProtocol.swift */ = {isa = PBXFileReference; lastKnownFileType = sourcecode.swift; path = ListPokemonViewProtocol.swift; sourceTree = "<group>"; };
		CF7C4F34299374A600E24023 /* ListPokemonPresenterProtocol.swift */ = {isa = PBXFileReference; lastKnownFileType = sourcecode.swift; path = ListPokemonPresenterProtocol.swift; sourceTree = "<group>"; };
		CF7C4F36299374B200E24023 /* ListPokemonInteractorProtocol.swift */ = {isa = PBXFileReference; lastKnownFileType = sourcecode.swift; path = ListPokemonInteractorProtocol.swift; sourceTree = "<group>"; };
		CF7C4F38299374C000E24023 /* ListPokemonRouterProtocol.swift */ = {isa = PBXFileReference; lastKnownFileType = sourcecode.swift; path = ListPokemonRouterProtocol.swift; sourceTree = "<group>"; };
		CF7C4F3A2993751E00E24023 /* ListPokemonPresenter.swift */ = {isa = PBXFileReference; lastKnownFileType = sourcecode.swift; path = ListPokemonPresenter.swift; sourceTree = "<group>"; };
		CF7C4F3C2993753F00E24023 /* ListPokemonRouter.swift */ = {isa = PBXFileReference; lastKnownFileType = sourcecode.swift; path = ListPokemonRouter.swift; sourceTree = "<group>"; };
		CF7C4F3E2993755A00E24023 /* ListPokemonInteractor.swift */ = {isa = PBXFileReference; lastKnownFileType = sourcecode.swift; path = ListPokemonInteractor.swift; sourceTree = "<group>"; };
		CF7C4F4029938A0000E24023 /* AlertHelper.swift */ = {isa = PBXFileReference; lastKnownFileType = sourcecode.swift; path = AlertHelper.swift; sourceTree = "<group>"; };
		CF9DDFCA29941A0800DCB7C3 /* GeneralLoading.swift */ = {isa = PBXFileReference; lastKnownFileType = sourcecode.swift; path = GeneralLoading.swift; sourceTree = "<group>"; };
		CF9DDFD229948D6100DCB7C3 /* DetailPokemonViewController.swift */ = {isa = PBXFileReference; lastKnownFileType = sourcecode.swift; path = DetailPokemonViewController.swift; sourceTree = "<group>"; };
		CF9DDFD329948D6100DCB7C3 /* DetailPokemonViewController.xib */ = {isa = PBXFileReference; lastKnownFileType = file.xib; path = DetailPokemonViewController.xib; sourceTree = "<group>"; };
		CF9DDFD72994AF0600DCB7C3 /* BaseStatsCell.swift */ = {isa = PBXFileReference; lastKnownFileType = sourcecode.swift; path = BaseStatsCell.swift; sourceTree = "<group>"; };
		CF9DDFD82994AF0600DCB7C3 /* BaseStatsCell.xib */ = {isa = PBXFileReference; lastKnownFileType = file.xib; path = BaseStatsCell.xib; sourceTree = "<group>"; };
/* End PBXFileReference section */

/* Begin PBXFrameworksBuildPhase section */
		CF7C4EF2299353B300E24023 /* Frameworks */ = {
			isa = PBXFrameworksBuildPhase;
			buildActionMask = 2147483647;
			files = (
			);
			runOnlyForDeploymentPostprocessing = 0;
		};
/* End PBXFrameworksBuildPhase section */

/* Begin PBXGroup section */
		CF29E3F02996222F00676FAB /* DataManager */ = {
			isa = PBXGroup;
			children = (
				CF29E3F12996223C00676FAB /* Local */,
				CF7C4F1A29935AC300E24023 /* Networking */,
			);
			path = DataManager;
			sourceTree = "<group>";
		};
		CF29E3F12996223C00676FAB /* Local */ = {
			isa = PBXGroup;
			children = (
				CF29E3F22996225C00676FAB /* CoreDataManager.swift */,
			);
			path = Local;
			sourceTree = "<group>";
		};
		CF5B15A12995E34100C89276 /* View */ = {
			isa = PBXGroup;
			children = (
				CF5B15AA2995E3B500C89276 /* MyPokemonViewController.swift */,
				CF5B15AB2995E3B500C89276 /* MyPokemonViewController.xib */,
			);
			path = View;
			sourceTree = "<group>";
		};
		CF5B15A22995E34600C89276 /* Presenter */ = {
			isa = PBXGroup;
			children = (
				CF5B15B42995E46300C89276 /* MyPokemonPresenter.swift */,
			);
			path = Presenter;
			sourceTree = "<group>";
		};
		CF5B15A32995E34900C89276 /* Protocol */ = {
			isa = PBXGroup;
			children = (
				CF5B15A82995E38A00C89276 /* MyPokemonRouterProtocol.swift */,
				CF5B15AE2995E3DE00C89276 /* MyPokemonInteractorProtocol.swift */,
				CF5B15B02995E40300C89276 /* MyPokemonPresenterProtocol.swift */,
				CF5B15B62995E4C100C89276 /* MyPokemonViewProtocol.swift */,
			);
			path = Protocol;
			sourceTree = "<group>";
		};
		CF5B15A42995E34C00C89276 /* Entity */ = {
			isa = PBXGroup;
			children = (
			);
			path = Entity;
			sourceTree = "<group>";
		};
		CF5B15A52995E35100C89276 /* Router */ = {
			isa = PBXGroup;
			children = (
				CF29E3F42996484A00676FAB /* MyPokemonRouter.swift */,
			);
			path = Router;
			sourceTree = "<group>";
		};
		CF5B15A72995E36800C89276 /* Interactor */ = {
			isa = PBXGroup;
			children = (
				CF5B15B22995E43200C89276 /* MyPokemonInteractor.swift */,
			);
			path = Interactor;
			sourceTree = "<group>";
		};
		CF7C4EEC299353B300E24023 = {
			isa = PBXGroup;
			children = (
				CF7C4EF7299353B300E24023 /* Pokemon */,
				CF7C4EF6299353B300E24023 /* Products */,
			);
			sourceTree = "<group>";
		};
		CF7C4EF6299353B300E24023 /* Products */ = {
			isa = PBXGroup;
			children = (
				CF7C4EF5299353B300E24023 /* Pokemon.app */,
			);
			name = Products;
			sourceTree = "<group>";
		};
		CF7C4EF7299353B300E24023 /* Pokemon */ = {
			isa = PBXGroup;
			children = (
				CF7C4F4229938CC100E24023 /* Components */,
				CF7C4F192993581100E24023 /* App */,
				CF29E3F02996222F00676FAB /* DataManager */,
				CF7C4F0F2993572100E24023 /* Modules */,
				CF7C4F262993611D00E24023 /* Extension */,
				CF7C4F182993579F00E24023 /* SupportingFiles */,
				CF7C4F01299353B300E24023 /* Pokemon.xcdatamodeld */,
			);
			path = Pokemon;
			sourceTree = "<group>";
		};
		CF7C4F0F2993572100E24023 /* Modules */ = {
			isa = PBXGroup;
			children = (
				CF7C4F122993573C00E24023 /* MyListPokemon */,
				CF7C4F112993573400E24023 /* DetailPokemon */,
				CF7C4F102993572D00E24023 /* ListPokemon */,
			);
			path = Modules;
			sourceTree = "<group>";
		};
		CF7C4F102993572D00E24023 /* ListPokemon */ = {
			isa = PBXGroup;
			children = (
				CF7C4F31299373FD00E24023 /* Protocol */,
				CF7C4F162993574F00E24023 /* Entity */,
				CF7C4F152993574B00E24023 /* Interactor */,
				CF7C4F142993574600E24023 /* Presenter */,
				CF7C4F172993575700E24023 /* Router */,
				CF7C4F132993574300E24023 /* View */,
			);
			path = ListPokemon;
			sourceTree = "<group>";
		};
		CF7C4F112993573400E24023 /* DetailPokemon */ = {
			isa = PBXGroup;
			children = (
				CF9DDFCC29948CFC00DCB7C3 /* View */,
				CF9DDFCD29948D0100DCB7C3 /* Interactor */,
				CF9DDFCE29948D0500DCB7C3 /* Presenter */,
				CF9DDFCF29948D0700DCB7C3 /* Entity */,
				CF9DDFD129948D1500DCB7C3 /* Router */,
				CF9DDFD029948D0D00DCB7C3 /* Protocol */,
			);
			path = DetailPokemon;
			sourceTree = "<group>";
		};
		CF7C4F122993573C00E24023 /* MyListPokemon */ = {
			isa = PBXGroup;
			children = (
				CF5B15A72995E36800C89276 /* Interactor */,
				CF5B15A52995E35100C89276 /* Router */,
				CF5B15A42995E34C00C89276 /* Entity */,
				CF5B15A32995E34900C89276 /* Protocol */,
				CF5B15A22995E34600C89276 /* Presenter */,
				CF5B15A12995E34100C89276 /* View */,
			);
			path = MyListPokemon;
			sourceTree = "<group>";
		};
		CF7C4F132993574300E24023 /* View */ = {
			isa = PBXGroup;
			children = (
				CF7C4F2129935D0E00E24023 /* Cell */,
				CF7C4F1B29935B1700E24023 /* ListPokemonViewController.swift */,
				CF7C4F1C29935B1700E24023 /* ListPokemonViewController.xib */,
			);
			path = View;
			sourceTree = "<group>";
		};
		CF7C4F142993574600E24023 /* Presenter */ = {
			isa = PBXGroup;
			children = (
				CF7C4F3A2993751E00E24023 /* ListPokemonPresenter.swift */,
			);
			path = Presenter;
			sourceTree = "<group>";
		};
		CF7C4F152993574B00E24023 /* Interactor */ = {
			isa = PBXGroup;
			children = (
				CF7C4F3E2993755A00E24023 /* ListPokemonInteractor.swift */,
			);
			path = Interactor;
			sourceTree = "<group>";
		};
		CF7C4F162993574F00E24023 /* Entity */ = {
			isa = PBXGroup;
			children = (
				CF7C4F2D29936F0B00E24023 /* RemotePokemonData.swift */,
			);
			path = Entity;
			sourceTree = "<group>";
		};
		CF7C4F172993575700E24023 /* Router */ = {
			isa = PBXGroup;
			children = (
				CF7C4F3C2993753F00E24023 /* ListPokemonRouter.swift */,
			);
			path = Router;
			sourceTree = "<group>";
		};
		CF7C4F182993579F00E24023 /* SupportingFiles */ = {
			isa = PBXGroup;
			children = (
				CF7C4F1F29935B7100E24023 /* ViewController.swift */,
				CF7C4EFE299353B300E24023 /* Main.storyboard */,
				CF7C4F04299353B600E24023 /* Assets.xcassets */,
				CF7C4F06299353B600E24023 /* LaunchScreen.storyboard */,
				CF7C4F09299353B600E24023 /* Info.plist */,
			);
			path = SupportingFiles;
			sourceTree = "<group>";
		};
		CF7C4F192993581100E24023 /* App */ = {
			isa = PBXGroup;
			children = (
				CF7C4EF8299353B300E24023 /* AppDelegate.swift */,
				CF7C4EFA299353B300E24023 /* SceneDelegate.swift */,
			);
			path = App;
			sourceTree = "<group>";
		};
		CF7C4F1A29935AC300E24023 /* Networking */ = {
			isa = PBXGroup;
			children = (
				CF7C4F2929936C1A00E24023 /* URLSessionClient.swift */,
				CF7C4F2F2993700F00E24023 /* GeneralError.swift */,
			);
			path = Networking;
			sourceTree = "<group>";
		};
		CF7C4F2129935D0E00E24023 /* Cell */ = {
			isa = PBXGroup;
			children = (
				CF7C4F2229935D2D00E24023 /* ListPokemonCell.swift */,
				CF7C4F2329935D2D00E24023 /* ListPokemonCell.xib */,
			);
			path = Cell;
			sourceTree = "<group>";
		};
		CF7C4F262993611D00E24023 /* Extension */ = {
			isa = PBXGroup;
			children = (
				CF7C4F272993613D00E24023 /* UIImageView+Ext.swift */,
			);
			path = Extension;
			sourceTree = "<group>";
		};
		CF7C4F31299373FD00E24023 /* Protocol */ = {
			isa = PBXGroup;
			children = (
				CF7C4F322993749500E24023 /* ListPokemonViewProtocol.swift */,
				CF7C4F34299374A600E24023 /* ListPokemonPresenterProtocol.swift */,
				CF7C4F36299374B200E24023 /* ListPokemonInteractorProtocol.swift */,
				CF7C4F38299374C000E24023 /* ListPokemonRouterProtocol.swift */,
			);
			path = Protocol;
			sourceTree = "<group>";
		};
		CF7C4F4229938CC100E24023 /* Components */ = {
			isa = PBXGroup;
			children = (
				CF7C4F4029938A0000E24023 /* AlertHelper.swift */,
				CF9DDFCA29941A0800DCB7C3 /* GeneralLoading.swift */,
				CF5B159929955AC300C89276 /* CatchPokemonVC.swift */,
				CF5B159A29955AC300C89276 /* CatchPokemonVC.xib */,
			);
			path = Components;
			sourceTree = "<group>";
		};
		CF9DDFCC29948CFC00DCB7C3 /* View */ = {
			isa = PBXGroup;
			children = (
				CF9DDFD62994AEC700DCB7C3 /* Cell */,
				CF9DDFD229948D6100DCB7C3 /* DetailPokemonViewController.swift */,
				CF9DDFD329948D6100DCB7C3 /* DetailPokemonViewController.xib */,
			);
			path = View;
			sourceTree = "<group>";
		};
		CF9DDFCD29948D0100DCB7C3 /* Interactor */ = {
			isa = PBXGroup;
			children = (
				CF6BD13A299505B3005A06B5 /* DetailPokemonInteractor.swift */,
			);
			path = Interactor;
			sourceTree = "<group>";
		};
		CF9DDFCE29948D0500DCB7C3 /* Presenter */ = {
			isa = PBXGroup;
			children = (
				CF6BD1382995055A005A06B5 /* DetailPokemonPresenter.swift */,
			);
			path = Presenter;
			sourceTree = "<group>";
		};
		CF9DDFCF29948D0700DCB7C3 /* Entity */ = {
			isa = PBXGroup;
			children = (
			);
			path = Entity;
			sourceTree = "<group>";
		};
		CF9DDFD029948D0D00DCB7C3 /* Protocol */ = {
			isa = PBXGroup;
			children = (
				CF6BD130299504A7005A06B5 /* DetailPokemonInteractorProtocol.swift */,
				CF6BD132299504E3005A06B5 /* DetailPokemonPresenterProtocol.swift */,
				CF6BD13429950512005A06B5 /* DetailPokemonViewProtocol.swift */,
				CF6BD13629950532005A06B5 /* DetailPokemonRouterProtocol.swift */,
			);
			path = Protocol;
			sourceTree = "<group>";
		};
		CF9DDFD129948D1500DCB7C3 /* Router */ = {
			isa = PBXGroup;
			children = (
				CF6BD13C2995066B005A06B5 /* DetailPokemonRouter.swift */,
			);
			path = Router;
			sourceTree = "<group>";
		};
		CF9DDFD62994AEC700DCB7C3 /* Cell */ = {
			isa = PBXGroup;
			children = (
				CF9DDFD72994AF0600DCB7C3 /* BaseStatsCell.swift */,
				CF9DDFD82994AF0600DCB7C3 /* BaseStatsCell.xib */,
			);
			path = Cell;
			sourceTree = "<group>";
		};
/* End PBXGroup section */

/* Begin PBXNativeTarget section */
		CF7C4EF4299353B300E24023 /* Pokemon */ = {
			isa = PBXNativeTarget;
			buildConfigurationList = CF7C4F0C299353B600E24023 /* Build configuration list for PBXNativeTarget "Pokemon" */;
			buildPhases = (
				CF7C4EF1299353B300E24023 /* Sources */,
				CF7C4EF2299353B300E24023 /* Frameworks */,
				CF7C4EF3299353B300E24023 /* Resources */,
			);
			buildRules = (
			);
			dependencies = (
			);
			name = Pokemon;
			productName = Pokemon;
			productReference = CF7C4EF5299353B300E24023 /* Pokemon.app */;
			productType = "com.apple.product-type.application";
		};
/* End PBXNativeTarget section */

/* Begin PBXProject section */
		CF7C4EED299353B300E24023 /* Project object */ = {
			isa = PBXProject;
			attributes = {
				BuildIndependentTargetsInParallel = 1;
				LastSwiftUpdateCheck = 1340;
				LastUpgradeCheck = 1340;
				TargetAttributes = {
					CF7C4EF4299353B300E24023 = {
						CreatedOnToolsVersion = 13.4.1;
					};
				};
			};
			buildConfigurationList = CF7C4EF0299353B300E24023 /* Build configuration list for PBXProject "Pokemon" */;
			compatibilityVersion = "Xcode 13.0";
			developmentRegion = en;
			hasScannedForEncodings = 0;
			knownRegions = (
				en,
				Base,
			);
			mainGroup = CF7C4EEC299353B300E24023;
			productRefGroup = CF7C4EF6299353B300E24023 /* Products */;
			projectDirPath = "";
			projectRoot = "";
			targets = (
				CF7C4EF4299353B300E24023 /* Pokemon */,
			);
		};
/* End PBXProject section */

/* Begin PBXResourcesBuildPhase section */
		CF7C4EF3299353B300E24023 /* Resources */ = {
			isa = PBXResourcesBuildPhase;
			buildActionMask = 2147483647;
			files = (
				CF5B159C29955AC300C89276 /* CatchPokemonVC.xib in Resources */,
				CF7C4F2529935D2D00E24023 /* ListPokemonCell.xib in Resources */,
				CF7C4F08299353B600E24023 /* LaunchScreen.storyboard in Resources */,
				CF7C4F05299353B600E24023 /* Assets.xcassets in Resources */,
				CF9DDFD529948D6100DCB7C3 /* DetailPokemonViewController.xib in Resources */,
				CF7C4F00299353B300E24023 /* Main.storyboard in Resources */,
				CF5B15AD2995E3B500C89276 /* MyPokemonViewController.xib in Resources */,
				CF9DDFDA2994AF0600DCB7C3 /* BaseStatsCell.xib in Resources */,
				CF7C4F1E29935B1700E24023 /* ListPokemonViewController.xib in Resources */,
			);
			runOnlyForDeploymentPostprocessing = 0;
		};
/* End PBXResourcesBuildPhase section */

/* Begin PBXSourcesBuildPhase section */
		CF7C4EF1299353B300E24023 /* Sources */ = {
			isa = PBXSourcesBuildPhase;
			buildActionMask = 2147483647;
			files = (
				CF6BD13729950532005A06B5 /* DetailPokemonRouterProtocol.swift in Sources */,
				CF6BD1392995055A005A06B5 /* DetailPokemonPresenter.swift in Sources */,
				CF7C4F2029935B7100E24023 /* ViewController.swift in Sources */,
				CF7C4F2429935D2D00E24023 /* ListPokemonCell.swift in Sources */,
				CF7C4F3F2993755A00E24023 /* ListPokemonInteractor.swift in Sources */,
				CF6BD13B299505B3005A06B5 /* DetailPokemonInteractor.swift in Sources */,
				CF7C4F03299353B300E24023 /* Pokemon.xcdatamodeld in Sources */,
				CF6BD133299504E3005A06B5 /* DetailPokemonPresenterProtocol.swift in Sources */,
				CF7C4F1D29935B1700E24023 /* ListPokemonViewController.swift in Sources */,
				CF7C4F37299374B200E24023 /* ListPokemonInteractorProtocol.swift in Sources */,
				CF29E3F52996484A00676FAB /* MyPokemonRouter.swift in Sources */,
				CF5B15B32995E43200C89276 /* MyPokemonInteractor.swift in Sources */,
				CF7C4F4129938A0000E24023 /* AlertHelper.swift in Sources */,
				CF7C4EF9299353B300E24023 /* AppDelegate.swift in Sources */,
				CF7C4F3B2993751E00E24023 /* ListPokemonPresenter.swift in Sources */,
				CF5B159B29955AC300C89276 /* CatchPokemonVC.swift in Sources */,
				CF9DDFD92994AF0600DCB7C3 /* BaseStatsCell.swift in Sources */,
				CF6BD13529950512005A06B5 /* DetailPokemonViewProtocol.swift in Sources */,
				CF5B15B52995E46300C89276 /* MyPokemonPresenter.swift in Sources */,
				CF7C4F302993700F00E24023 /* GeneralError.swift in Sources */,
				CF5B15AC2995E3B500C89276 /* MyPokemonViewController.swift in Sources */,
				CF7C4F3D2993753F00E24023 /* ListPokemonRouter.swift in Sources */,
				CF7C4EFB299353B300E24023 /* SceneDelegate.swift in Sources */,
				CF5B15B72995E4C100C89276 /* MyPokemonViewProtocol.swift in Sources */,
				CF5B15B12995E40300C89276 /* MyPokemonPresenterProtocol.swift in Sources */,
				CF7C4F39299374C000E24023 /* ListPokemonRouterProtocol.swift in Sources */,
				CF5B15A92995E38A00C89276 /* MyPokemonRouterProtocol.swift in Sources */,
				CF29E3F32996225C00676FAB /* CoreDataManager.swift in Sources */,
				CF9DDFCB29941A0800DCB7C3 /* GeneralLoading.swift in Sources */,
				CF7C4F282993613D00E24023 /* UIImageView+Ext.swift in Sources */,
				CF5B15AF2995E3DE00C89276 /* MyPokemonInteractorProtocol.swift in Sources */,
				CF7C4F35299374A600E24023 /* ListPokemonPresenterProtocol.swift in Sources */,
				CF6BD131299504A7005A06B5 /* DetailPokemonInteractorProtocol.swift in Sources */,
				CF7C4F332993749500E24023 /* ListPokemonViewProtocol.swift in Sources */,
				CF9DDFD429948D6100DCB7C3 /* DetailPokemonViewController.swift in Sources */,
				CF6BD13D2995066B005A06B5 /* DetailPokemonRouter.swift in Sources */,
				CF7C4F2E29936F0B00E24023 /* RemotePokemonData.swift in Sources */,
				CF7C4F2A29936C1A00E24023 /* URLSessionClient.swift in Sources */,
			);
			runOnlyForDeploymentPostprocessing = 0;
		};
/* End PBXSourcesBuildPhase section */

/* Begin PBXVariantGroup section */
		CF7C4EFE299353B300E24023 /* Main.storyboard */ = {
			isa = PBXVariantGroup;
			children = (
				CF7C4EFF299353B300E24023 /* Base */,
			);
			name = Main.storyboard;
			sourceTree = "<group>";
		};
		CF7C4F06299353B600E24023 /* LaunchScreen.storyboard */ = {
			isa = PBXVariantGroup;
			children = (
				CF7C4F07299353B600E24023 /* Base */,
			);
			name = LaunchScreen.storyboard;
			sourceTree = "<group>";
		};
/* End PBXVariantGroup section */

/* Begin XCBuildConfiguration section */
		CF7C4F0A299353B600E24023 /* Debug */ = {
			isa = XCBuildConfiguration;
			buildSettings = {
				ALWAYS_SEARCH_USER_PATHS = NO;
				CLANG_ANALYZER_NONNULL = YES;
				CLANG_ANALYZER_NUMBER_OBJECT_CONVERSION = YES_AGGRESSIVE;
				CLANG_CXX_LANGUAGE_STANDARD = "gnu++17";
				CLANG_ENABLE_MODULES = YES;
				CLANG_ENABLE_OBJC_ARC = YES;
				CLANG_ENABLE_OBJC_WEAK = YES;
				CLANG_WARN_BLOCK_CAPTURE_AUTORELEASING = YES;
				CLANG_WARN_BOOL_CONVERSION = YES;
				CLANG_WARN_COMMA = YES;
				CLANG_WARN_CONSTANT_CONVERSION = YES;
				CLANG_WARN_DEPRECATED_OBJC_IMPLEMENTATIONS = YES;
				CLANG_WARN_DIRECT_OBJC_ISA_USAGE = YES_ERROR;
				CLANG_WARN_DOCUMENTATION_COMMENTS = YES;
				CLANG_WARN_EMPTY_BODY = YES;
				CLANG_WARN_ENUM_CONVERSION = YES;
				CLANG_WARN_INFINITE_RECURSION = YES;
				CLANG_WARN_INT_CONVERSION = YES;
				CLANG_WARN_NON_LITERAL_NULL_CONVERSION = YES;
				CLANG_WARN_OBJC_IMPLICIT_RETAIN_SELF = YES;
				CLANG_WARN_OBJC_LITERAL_CONVERSION = YES;
				CLANG_WARN_OBJC_ROOT_CLASS = YES_ERROR;
				CLANG_WARN_QUOTED_INCLUDE_IN_FRAMEWORK_HEADER = YES;
				CLANG_WARN_RANGE_LOOP_ANALYSIS = YES;
				CLANG_WARN_STRICT_PROTOTYPES = YES;
				CLANG_WARN_SUSPICIOUS_MOVE = YES;
				CLANG_WARN_UNGUARDED_AVAILABILITY = YES_AGGRESSIVE;
				CLANG_WARN_UNREACHABLE_CODE = YES;
				CLANG_WARN__DUPLICATE_METHOD_MATCH = YES;
				COPY_PHASE_STRIP = NO;
				DEBUG_INFORMATION_FORMAT = dwarf;
				ENABLE_STRICT_OBJC_MSGSEND = YES;
				ENABLE_TESTABILITY = YES;
				GCC_C_LANGUAGE_STANDARD = gnu11;
				GCC_DYNAMIC_NO_PIC = NO;
				GCC_NO_COMMON_BLOCKS = YES;
				GCC_OPTIMIZATION_LEVEL = 0;
				GCC_PREPROCESSOR_DEFINITIONS = (
					"DEBUG=1",
					"$(inherited)",
				);
				GCC_WARN_64_TO_32_BIT_CONVERSION = YES;
				GCC_WARN_ABOUT_RETURN_TYPE = YES_ERROR;
				GCC_WARN_UNDECLARED_SELECTOR = YES;
				GCC_WARN_UNINITIALIZED_AUTOS = YES_AGGRESSIVE;
				GCC_WARN_UNUSED_FUNCTION = YES;
				GCC_WARN_UNUSED_VARIABLE = YES;
				IPHONEOS_DEPLOYMENT_TARGET = 15.5;
				MTL_ENABLE_DEBUG_INFO = INCLUDE_SOURCE;
				MTL_FAST_MATH = YES;
				ONLY_ACTIVE_ARCH = YES;
				SDKROOT = iphoneos;
				SWIFT_ACTIVE_COMPILATION_CONDITIONS = DEBUG;
				SWIFT_OPTIMIZATION_LEVEL = "-Onone";
			};
			name = Debug;
		};
		CF7C4F0B299353B600E24023 /* Release */ = {
			isa = XCBuildConfiguration;
			buildSettings = {
				ALWAYS_SEARCH_USER_PATHS = NO;
				CLANG_ANALYZER_NONNULL = YES;
				CLANG_ANALYZER_NUMBER_OBJECT_CONVERSION = YES_AGGRESSIVE;
				CLANG_CXX_LANGUAGE_STANDARD = "gnu++17";
				CLANG_ENABLE_MODULES = YES;
				CLANG_ENABLE_OBJC_ARC = YES;
				CLANG_ENABLE_OBJC_WEAK = YES;
				CLANG_WARN_BLOCK_CAPTURE_AUTORELEASING = YES;
				CLANG_WARN_BOOL_CONVERSION = YES;
				CLANG_WARN_COMMA = YES;
				CLANG_WARN_CONSTANT_CONVERSION = YES;
				CLANG_WARN_DEPRECATED_OBJC_IMPLEMENTATIONS = YES;
				CLANG_WARN_DIRECT_OBJC_ISA_USAGE = YES_ERROR;
				CLANG_WARN_DOCUMENTATION_COMMENTS = YES;
				CLANG_WARN_EMPTY_BODY = YES;
				CLANG_WARN_ENUM_CONVERSION = YES;
				CLANG_WARN_INFINITE_RECURSION = YES;
				CLANG_WARN_INT_CONVERSION = YES;
				CLANG_WARN_NON_LITERAL_NULL_CONVERSION = YES;
				CLANG_WARN_OBJC_IMPLICIT_RETAIN_SELF = YES;
				CLANG_WARN_OBJC_LITERAL_CONVERSION = YES;
				CLANG_WARN_OBJC_ROOT_CLASS = YES_ERROR;
				CLANG_WARN_QUOTED_INCLUDE_IN_FRAMEWORK_HEADER = YES;
				CLANG_WARN_RANGE_LOOP_ANALYSIS = YES;
				CLANG_WARN_STRICT_PROTOTYPES = YES;
				CLANG_WARN_SUSPICIOUS_MOVE = YES;
				CLANG_WARN_UNGUARDED_AVAILABILITY = YES_AGGRESSIVE;
				CLANG_WARN_UNREACHABLE_CODE = YES;
				CLANG_WARN__DUPLICATE_METHOD_MATCH = YES;
				COPY_PHASE_STRIP = NO;
				DEBUG_INFORMATION_FORMAT = "dwarf-with-dsym";
				ENABLE_NS_ASSERTIONS = NO;
				ENABLE_STRICT_OBJC_MSGSEND = YES;
				GCC_C_LANGUAGE_STANDARD = gnu11;
				GCC_NO_COMMON_BLOCKS = YES;
				GCC_WARN_64_TO_32_BIT_CONVERSION = YES;
				GCC_WARN_ABOUT_RETURN_TYPE = YES_ERROR;
				GCC_WARN_UNDECLARED_SELECTOR = YES;
				GCC_WARN_UNINITIALIZED_AUTOS = YES_AGGRESSIVE;
				GCC_WARN_UNUSED_FUNCTION = YES;
				GCC_WARN_UNUSED_VARIABLE = YES;
				IPHONEOS_DEPLOYMENT_TARGET = 15.5;
				MTL_ENABLE_DEBUG_INFO = NO;
				MTL_FAST_MATH = YES;
				SDKROOT = iphoneos;
				SWIFT_COMPILATION_MODE = wholemodule;
				SWIFT_OPTIMIZATION_LEVEL = "-O";
				VALIDATE_PRODUCT = YES;
			};
			name = Release;
		};
		CF7C4F0D299353B600E24023 /* Debug */ = {
			isa = XCBuildConfiguration;
			buildSettings = {
				ASSETCATALOG_COMPILER_APPICON_NAME = AppIcon;
				ASSETCATALOG_COMPILER_GLOBAL_ACCENT_COLOR_NAME = AccentColor;
				CODE_SIGN_STYLE = Automatic;
				CURRENT_PROJECT_VERSION = 1;
				DEVELOPMENT_TEAM = F2SLCA5Q65;
				GENERATE_INFOPLIST_FILE = YES;
				INFOPLIST_FILE = Pokemon/SupportingFiles/Info.plist;
				INFOPLIST_KEY_UIApplicationSupportsIndirectInputEvents = YES;
				INFOPLIST_KEY_UILaunchStoryboardName = LaunchScreen;
				INFOPLIST_KEY_UIMainStoryboardFile = Main;
				INFOPLIST_KEY_UISupportedInterfaceOrientations_iPad = "UIInterfaceOrientationPortrait UIInterfaceOrientationPortraitUpsideDown UIInterfaceOrientationLandscapeLeft UIInterfaceOrientationLandscapeRight";
				INFOPLIST_KEY_UISupportedInterfaceOrientations_iPhone = "UIInterfaceOrientationPortrait UIInterfaceOrientationLandscapeLeft UIInterfaceOrientationLandscapeRight";
				LD_RUNPATH_SEARCH_PATHS = (
					"$(inherited)",
					"@executable_path/Frameworks",
				);
				MARKETING_VERSION = 1.0;
				PRODUCT_BUNDLE_IDENTIFIER = com.adji.Pokemon;
				PRODUCT_NAME = "$(TARGET_NAME)";
				SWIFT_EMIT_LOC_STRINGS = YES;
				SWIFT_VERSION = 5.0;
				TARGETED_DEVICE_FAMILY = "1,2";
			};
			name = Debug;
		};
		CF7C4F0E299353B600E24023 /* Release */ = {
			isa = XCBuildConfiguration;
			buildSettings = {
				ASSETCATALOG_COMPILER_APPICON_NAME = AppIcon;
				ASSETCATALOG_COMPILER_GLOBAL_ACCENT_COLOR_NAME = AccentColor;
				CODE_SIGN_STYLE = Automatic;
				CURRENT_PROJECT_VERSION = 1;
				DEVELOPMENT_TEAM = F2SLCA5Q65;
				GENERATE_INFOPLIST_FILE = YES;
				INFOPLIST_FILE = Pokemon/SupportingFiles/Info.plist;
				INFOPLIST_KEY_UIApplicationSupportsIndirectInputEvents = YES;
				INFOPLIST_KEY_UILaunchStoryboardName = LaunchScreen;
				INFOPLIST_KEY_UIMainStoryboardFile = Main;
				INFOPLIST_KEY_UISupportedInterfaceOrientations_iPad = "UIInterfaceOrientationPortrait UIInterfaceOrientationPortraitUpsideDown UIInterfaceOrientationLandscapeLeft UIInterfaceOrientationLandscapeRight";
				INFOPLIST_KEY_UISupportedInterfaceOrientations_iPhone = "UIInterfaceOrientationPortrait UIInterfaceOrientationLandscapeLeft UIInterfaceOrientationLandscapeRight";
				LD_RUNPATH_SEARCH_PATHS = (
					"$(inherited)",
					"@executable_path/Frameworks",
				);
				MARKETING_VERSION = 1.0;
				PRODUCT_BUNDLE_IDENTIFIER = com.adji.Pokemon;
				PRODUCT_NAME = "$(TARGET_NAME)";
				SWIFT_EMIT_LOC_STRINGS = YES;
				SWIFT_VERSION = 5.0;
				TARGETED_DEVICE_FAMILY = "1,2";
			};
			name = Release;
		};
/* End XCBuildConfiguration section */

/* Begin XCConfigurationList section */
		CF7C4EF0299353B300E24023 /* Build configuration list for PBXProject "Pokemon" */ = {
			isa = XCConfigurationList;
			buildConfigurations = (
				CF7C4F0A299353B600E24023 /* Debug */,
				CF7C4F0B299353B600E24023 /* Release */,
			);
			defaultConfigurationIsVisible = 0;
			defaultConfigurationName = Release;
		};
		CF7C4F0C299353B600E24023 /* Build configuration list for PBXNativeTarget "Pokemon" */ = {
			isa = XCConfigurationList;
			buildConfigurations = (
				CF7C4F0D299353B600E24023 /* Debug */,
				CF7C4F0E299353B600E24023 /* Release */,
			);
			defaultConfigurationIsVisible = 0;
			defaultConfigurationName = Release;
		};
/* End XCConfigurationList section */

/* Begin XCVersionGroup section */
		CF7C4F01299353B300E24023 /* Pokemon.xcdatamodeld */ = {
			isa = XCVersionGroup;
			children = (
				CF7C4F02299353B300E24023 /* Pokemon.xcdatamodel */,
			);
			currentVersion = CF7C4F02299353B300E24023 /* Pokemon.xcdatamodel */;
			path = Pokemon.xcdatamodeld;
			sourceTree = "<group>";
			versionGroupType = wrapper.xcdatamodel;
		};
/* End XCVersionGroup section */
	};
	rootObject = CF7C4EED299353B300E24023 /* Project object */;
}
